
Microsoft Visual Studio Solution File, Format Version 12.00
# Visual Studio 14
VisualStudioVersion = 14.0.25420.1
MinimumVisualStudioVersion = 10.0.40219.1
Project("{FAE04EC0-301F-11D3-BF4B-00C04F79EFBC}") = "SharedLibrary", "SharedLibrary\SharedLibrary.csproj", "{855B38AF-349C-4ABB-A2BC-216189C54886}"
EndProject
Project("{FAE04EC0-301F-11D3-BF4B-00C04F79EFBC}") = "Framework", "Framework\Framework.csproj", "{906379A9-F3B0-4E5B-B1D1-62DC7C9D05A5}"
EndProject
Project("{FAE04EC0-301F-11D3-BF4B-00C04F79EFBC}") = "CSharpPlatform", "CSharpPlatform\CSharpPlatform.csproj", "{24781AF8-6DA6-48B2-A0B5-6E1D44A918F0}"
EndProject
Project("{FAE04EC0-301F-11D3-BF4B-00C04F79EFBC}") = "ConsoleFrontEnd", "ConsoleFrontEnd\ConsoleFrontEnd.csproj", "{BD450DB0-C1D5-4BAC-BBA9-95B0DCE6B3CF}"
EndProject
Project("{FAE04EC0-301F-11D3-BF4B-00C04F79EFBC}") = "EmueraPlatform", "EmueraPlatform\EmueraPlatform.csproj", "{1B3D029C-DBFD-475C-B0D8-1FF9C0FD4F84}"
EndProject
Project("{2150E333-8FDC-42A3-9474-1A3956D46DE8}") = "Platforms", "Platforms", "{EAB52BF9-C34B-4B96-AE84-AC9B614AC7D7}"
EndProject
Project("{2150E333-8FDC-42A3-9474-1A3956D46DE8}") = "FrontEnds", "FrontEnds", "{22FA2A00-F2DD-4B40-8627-6407EA4456A3}"
EndProject
Project("{2150E333-8FDC-42A3-9474-1A3956D46DE8}") = "Loaders", "Loaders", "{D2A52743-A6B5-4816-A061-526617A85546}"
EndProject
Project("{FAE04EC0-301F-11D3-BF4B-00C04F79EFBC}") = "WindowsLoader", "WindowsLoader\WindowsLoader.csproj", "{14C52D86-13A0-4F05-B228-6AF4FBD6AEFE}"
	ProjectSection(ProjectDependencies) = postProject
		{3885A68E-C138-42AA-887B-10FD62E88C95} = {3885A68E-C138-42AA-887B-10FD62E88C95}
	EndProjectSection
EndProject
Project("{2150E333-8FDC-42A3-9474-1A3956D46DE8}") = "Windows", "Windows", "{02F89B94-5411-432A-A38B-FFCF675DB0A1}"
EndProject
Project("{FAE04EC0-301F-11D3-BF4B-00C04F79EFBC}") = "CsvLoader", "CsvLoader\CsvLoader.csproj", "{3885A68E-C138-42AA-887B-10FD62E88C95}"
EndProject
Project("{FAE04EC0-301F-11D3-BF4B-00C04F79EFBC}") = "CSharpTest", "CSharpTest\CSharpTest.csproj", "{DFF5A463-22CB-4F12-902B-3D97D7D57DFA}"
EndProject
Project("{2150E333-8FDC-42A3-9474-1A3956D46DE8}") = "Windows", "Windows", "{F0FAA23E-8B38-4B7B-970E-7B46D911C64D}"
EndProject
Global
	GlobalSection(SolutionConfigurationPlatforms) = preSolution
		Debug|Any CPU = Debug|Any CPU
		Debug|x64 = Debug|x64
		Release|Any CPU = Release|Any CPU
		Release|x64 = Release|x64
	EndGlobalSection
	GlobalSection(ProjectConfigurationPlatforms) = postSolution
		{855B38AF-349C-4ABB-A2BC-216189C54886}.Debug|Any CPU.ActiveCfg = Debug|Any CPU
		{855B38AF-349C-4ABB-A2BC-216189C54886}.Debug|Any CPU.Build.0 = Debug|Any CPU
		{855B38AF-349C-4ABB-A2BC-216189C54886}.Debug|x64.ActiveCfg = Debug|x64
		{855B38AF-349C-4ABB-A2BC-216189C54886}.Debug|x64.Build.0 = Debug|x64
		{855B38AF-349C-4ABB-A2BC-216189C54886}.Release|Any CPU.ActiveCfg = Release|Any CPU
		{855B38AF-349C-4ABB-A2BC-216189C54886}.Release|Any CPU.Build.0 = Release|Any CPU
		{855B38AF-349C-4ABB-A2BC-216189C54886}.Release|x64.ActiveCfg = Release|x64
		{855B38AF-349C-4ABB-A2BC-216189C54886}.Release|x64.Build.0 = Release|x64
		{906379A9-F3B0-4E5B-B1D1-62DC7C9D05A5}.Debug|Any CPU.ActiveCfg = Debug|Any CPU
		{906379A9-F3B0-4E5B-B1D1-62DC7C9D05A5}.Debug|Any CPU.Build.0 = Debug|Any CPU
		{906379A9-F3B0-4E5B-B1D1-62DC7C9D05A5}.Debug|x64.ActiveCfg = Debug|x64
		{906379A9-F3B0-4E5B-B1D1-62DC7C9D05A5}.Debug|x64.Build.0 = Debug|x64
		{906379A9-F3B0-4E5B-B1D1-62DC7C9D05A5}.Release|Any CPU.ActiveCfg = Release|Any CPU
		{906379A9-F3B0-4E5B-B1D1-62DC7C9D05A5}.Release|Any CPU.Build.0 = Release|Any CPU
		{906379A9-F3B0-4E5B-B1D1-62DC7C9D05A5}.Release|x64.ActiveCfg = Release|x64
		{906379A9-F3B0-4E5B-B1D1-62DC7C9D05A5}.Release|x64.Build.0 = Release|x64
		{24781AF8-6DA6-48B2-A0B5-6E1D44A918F0}.Debug|Any CPU.ActiveCfg = Debug|Any CPU
		{24781AF8-6DA6-48B2-A0B5-6E1D44A918F0}.Debug|Any CPU.Build.0 = Debug|Any CPU
		{24781AF8-6DA6-48B2-A0B5-6E1D44A918F0}.Debug|x64.ActiveCfg = Debug|x64
		{24781AF8-6DA6-48B2-A0B5-6E1D44A918F0}.Debug|x64.Build.0 = Debug|x64
		{24781AF8-6DA6-48B2-A0B5-6E1D44A918F0}.Release|Any CPU.ActiveCfg = Release|Any CPU
		{24781AF8-6DA6-48B2-A0B5-6E1D44A918F0}.Release|Any CPU.Build.0 = Release|Any CPU
		{24781AF8-6DA6-48B2-A0B5-6E1D44A918F0}.Release|x64.ActiveCfg = Release|x64
		{24781AF8-6DA6-48B2-A0B5-6E1D44A918F0}.Release|x64.Build.0 = Release|x64
		{BD450DB0-C1D5-4BAC-BBA9-95B0DCE6B3CF}.Debug|Any CPU.ActiveCfg = Debug|Any CPU
		{BD450DB0-C1D5-4BAC-BBA9-95B0DCE6B3CF}.Debug|Any CPU.Build.0 = Debug|Any CPU
		{BD450DB0-C1D5-4BAC-BBA9-95B0DCE6B3CF}.Debug|x64.ActiveCfg = Debug|x64
		{BD450DB0-C1D5-4BAC-BBA9-95B0DCE6B3CF}.Debug|x64.Build.0 = Debug|x64
		{BD450DB0-C1D5-4BAC-BBA9-95B0DCE6B3CF}.Release|Any CPU.ActiveCfg = Release|Any CPU
		{BD450DB0-C1D5-4BAC-BBA9-95B0DCE6B3CF}.Release|Any CPU.Build.0 = Release|Any CPU
		{BD450DB0-C1D5-4BAC-BBA9-95B0DCE6B3CF}.Release|x64.ActiveCfg = Release|x64
		{BD450DB0-C1D5-4BAC-BBA9-95B0DCE6B3CF}.Release|x64.Build.0 = Release|x64
		{1B3D029C-DBFD-475C-B0D8-1FF9C0FD4F84}.Debug|Any CPU.ActiveCfg = Debug|Any CPU
		{1B3D029C-DBFD-475C-B0D8-1FF9C0FD4F84}.Debug|Any CPU.Build.0 = Debug|Any CPU
		{1B3D029C-DBFD-475C-B0D8-1FF9C0FD4F84}.Debug|x64.ActiveCfg = Debug|x64
		{1B3D029C-DBFD-475C-B0D8-1FF9C0FD4F84}.Debug|x64.Build.0 = Debug|x64
		{1B3D029C-DBFD-475C-B0D8-1FF9C0FD4F84}.Release|Any CPU.ActiveCfg = Release|Any CPU
		{1B3D029C-DBFD-475C-B0D8-1FF9C0FD4F84}.Release|Any CPU.Build.0 = Release|Any CPU
		{1B3D029C-DBFD-475C-B0D8-1FF9C0FD4F84}.Release|x64.ActiveCfg = Release|x64
		{1B3D029C-DBFD-475C-B0D8-1FF9C0FD4F84}.Release|x64.Build.0 = Release|x64
		{14C52D86-13A0-4F05-B228-6AF4FBD6AEFE}.Debug|Any CPU.ActiveCfg = Debug|Any CPU
		{14C52D86-13A0-4F05-B228-6AF4FBD6AEFE}.Debug|Any CPU.Build.0 = Debug|Any CPU
		{14C52D86-13A0-4F05-B228-6AF4FBD6AEFE}.Debug|x64.ActiveCfg = Debug|x64
		{14C52D86-13A0-4F05-B228-6AF4FBD6AEFE}.Debug|x64.Build.0 = Debug|x64
		{14C52D86-13A0-4F05-B228-6AF4FBD6AEFE}.Release|Any CPU.ActiveCfg = Release|Any CPU
		{14C52D86-13A0-4F05-B228-6AF4FBD6AEFE}.Release|Any CPU.Build.0 = Release|Any CPU
		{14C52D86-13A0-4F05-B228-6AF4FBD6AEFE}.Release|x64.ActiveCfg = Release|x64
		{14C52D86-13A0-4F05-B228-6AF4FBD6AEFE}.Release|x64.Build.0 = Release|x64
		{3885A68E-C138-42AA-887B-10FD62E88C95}.Debug|Any CPU.ActiveCfg = Debug|Any CPU
		{3885A68E-C138-42AA-887B-10FD62E88C95}.Debug|Any CPU.Build.0 = Debug|Any CPU
		{3885A68E-C138-42AA-887B-10FD62E88C95}.Debug|x64.ActiveCfg = Debug|x64
		{3885A68E-C138-42AA-887B-10FD62E88C95}.Debug|x64.Build.0 = Debug|x64
		{3885A68E-C138-42AA-887B-10FD62E88C95}.Release|Any CPU.ActiveCfg = Release|Any CPU
		{3885A68E-C138-42AA-887B-10FD62E88C95}.Release|Any CPU.Build.0 = Release|Any CPU
		{3885A68E-C138-42AA-887B-10FD62E88C95}.Release|x64.ActiveCfg = Release|x64
		{3885A68E-C138-42AA-887B-10FD62E88C95}.Release|x64.Build.0 = Release|x64
		{DFF5A463-22CB-4F12-902B-3D97D7D57DFA}.Debug|Any CPU.ActiveCfg = Debug|Any CPU
		{DFF5A463-22CB-4F12-902B-3D97D7D57DFA}.Debug|Any CPU.Build.0 = Debug|Any CPU
		{DFF5A463-22CB-4F12-902B-3D97D7D57DFA}.Debug|x64.ActiveCfg = Debug|x64
		{DFF5A463-22CB-4F12-902B-3D97D7D57DFA}.Debug|x64.Build.0 = Debug|x64
		{DFF5A463-22CB-4F12-902B-3D97D7D57DFA}.Release|Any CPU.ActiveCfg = Release|Any CPU
		{DFF5A463-22CB-4F12-902B-3D97D7D57DFA}.Release|Any CPU.Build.0 = Release|Any CPU
		{DFF5A463-22CB-4F12-902B-3D97D7D57DFA}.Release|x64.ActiveCfg = Release|x64
		{DFF5A463-22CB-4F12-902B-3D97D7D57DFA}.Release|x64.Build.0 = Release|x64
	EndGlobalSection
	GlobalSection(SolutionProperties) = preSolution
		HideSolutionNode = FALSE
	EndGlobalSection
	GlobalSection(NestedProjects) = preSolution
		{24781AF8-6DA6-48B2-A0B5-6E1D44A918F0} = {EAB52BF9-C34B-4B96-AE84-AC9B614AC7D7}
		{BD450DB0-C1D5-4BAC-BBA9-95B0DCE6B3CF} = {F0FAA23E-8B38-4B7B-970E-7B46D911C64D}
		{1B3D029C-DBFD-475C-B0D8-1FF9C0FD4F84} = {EAB52BF9-C34B-4B96-AE84-AC9B614AC7D7}
		{14C52D86-13A0-4F05-B228-6AF4FBD6AEFE} = {02F89B94-5411-432A-A38B-FFCF675DB0A1}
		{02F89B94-5411-432A-A38B-FFCF675DB0A1} = {D2A52743-A6B5-4816-A061-526617A85546}
		{3885A68E-C138-42AA-887B-10FD62E88C95} = {02F89B94-5411-432A-A38B-FFCF675DB0A1}
		{DFF5A463-22CB-4F12-902B-3D97D7D57DFA} = {EAB52BF9-C34B-4B96-AE84-AC9B614AC7D7}
		{F0FAA23E-8B38-4B7B-970E-7B46D911C64D} = {22FA2A00-F2DD-4B40-8627-6407EA4456A3}
	EndGlobalSection
EndGlobal
