
Microsoft Visual Studio Solution File, Format Version 12.00
# Visual Studio 14
VisualStudioVersion = 14.0.25420.1
MinimumVisualStudioVersion = 10.0.40219.1
Project("{FAE04EC0-301F-11D3-BF4B-00C04F79EFBC}") = "SharedLibrary", "SharedLibrary\SharedLibrary.csproj", "{855B38AF-349C-4ABB-A2BC-216189C54886}"
EndProject
Project("{FAE04EC0-301F-11D3-BF4B-00C04F79EFBC}") = "Framework", "Framework\Framework.csproj", "{906379A9-F3B0-4E5B-B1D1-62DC7C9D05A5}"
EndProject
Project("{FAE04EC0-301F-11D3-BF4B-00C04F79EFBC}") = "Emuera", "Emuera\Emuera.csproj", "{F3B2ED56-A5BF-45DA-A270-3ED0F775320B}"
	ProjectSection(ProjectDependencies) = postProject
		{24781AF8-6DA6-48B2-A0B5-6E1D44A918F0} = {24781AF8-6DA6-48B2-A0B5-6E1D44A918F0}
		{1AFE8BFA-E51F-49D4-9D37-A6B287B39B01} = {1AFE8BFA-E51F-49D4-9D37-A6B287B39B01}
	EndProjectSection
EndProject
Project("{FAE04EC0-301F-11D3-BF4B-00C04F79EFBC}") = "CSharpPlatform", "CSharpPlatform\CSharpPlatform.csproj", "{24781AF8-6DA6-48B2-A0B5-6E1D44A918F0}"
EndProject
Project("{FAE04EC0-301F-11D3-BF4B-00C04F79EFBC}") = "TestProgram", "TestProgram\TestProgram.csproj", "{4C238465-65B2-4511-9F9A-1CED9A4132ED}"
EndProject
Project("{FAE04EC0-301F-11D3-BF4B-00C04F79EFBC}") = "EZTrans", "..\EZTrans\EZTrans\EZTrans.csproj", "{3724F839-BCC8-4EFF-A177-AC8247660F94}"
EndProject
Project("{FAE04EC0-301F-11D3-BF4B-00C04F79EFBC}") = "MakeDescription", "MakeDescription\MakeDescription.csproj", "{1AFE8BFA-E51F-49D4-9D37-A6B287B39B01}"
EndProject
Global
	GlobalSection(SolutionConfigurationPlatforms) = preSolution
		Debug|Any CPU = Debug|Any CPU
		Debug|x64 = Debug|x64
		Debug|x86 = Debug|x86
		Release|Any CPU = Release|Any CPU
		Release|x64 = Release|x64
		Release|x86 = Release|x86
	EndGlobalSection
	GlobalSection(ProjectConfigurationPlatforms) = postSolution
		{855B38AF-349C-4ABB-A2BC-216189C54886}.Debug|Any CPU.ActiveCfg = Debug|Any CPU
		{855B38AF-349C-4ABB-A2BC-216189C54886}.Debug|Any CPU.Build.0 = Debug|Any CPU
		{855B38AF-349C-4ABB-A2BC-216189C54886}.Debug|x64.ActiveCfg = Debug|Any CPU
		{855B38AF-349C-4ABB-A2BC-216189C54886}.Debug|x64.Build.0 = Debug|Any CPU
		{855B38AF-349C-4ABB-A2BC-216189C54886}.Debug|x86.ActiveCfg = Debug|x86
		{855B38AF-349C-4ABB-A2BC-216189C54886}.Debug|x86.Build.0 = Debug|x86
		{855B38AF-349C-4ABB-A2BC-216189C54886}.Release|Any CPU.ActiveCfg = Release|Any CPU
		{855B38AF-349C-4ABB-A2BC-216189C54886}.Release|Any CPU.Build.0 = Release|Any CPU
		{855B38AF-349C-4ABB-A2BC-216189C54886}.Release|x64.ActiveCfg = Release|Any CPU
		{855B38AF-349C-4ABB-A2BC-216189C54886}.Release|x64.Build.0 = Release|Any CPU
		{855B38AF-349C-4ABB-A2BC-216189C54886}.Release|x86.ActiveCfg = Release|x86
		{855B38AF-349C-4ABB-A2BC-216189C54886}.Release|x86.Build.0 = Release|x86
		{906379A9-F3B0-4E5B-B1D1-62DC7C9D05A5}.Debug|Any CPU.ActiveCfg = Debug|Any CPU
		{906379A9-F3B0-4E5B-B1D1-62DC7C9D05A5}.Debug|Any CPU.Build.0 = Debug|Any CPU
		{906379A9-F3B0-4E5B-B1D1-62DC7C9D05A5}.Debug|x64.ActiveCfg = Debug|Any CPU
		{906379A9-F3B0-4E5B-B1D1-62DC7C9D05A5}.Debug|x64.Build.0 = Debug|Any CPU
		{906379A9-F3B0-4E5B-B1D1-62DC7C9D05A5}.Debug|x86.ActiveCfg = Debug|x86
		{906379A9-F3B0-4E5B-B1D1-62DC7C9D05A5}.Debug|x86.Build.0 = Debug|x86
		{906379A9-F3B0-4E5B-B1D1-62DC7C9D05A5}.Release|Any CPU.ActiveCfg = Release|Any CPU
		{906379A9-F3B0-4E5B-B1D1-62DC7C9D05A5}.Release|Any CPU.Build.0 = Release|Any CPU
		{906379A9-F3B0-4E5B-B1D1-62DC7C9D05A5}.Release|x64.ActiveCfg = Release|Any CPU
		{906379A9-F3B0-4E5B-B1D1-62DC7C9D05A5}.Release|x64.Build.0 = Release|Any CPU
		{906379A9-F3B0-4E5B-B1D1-62DC7C9D05A5}.Release|x86.ActiveCfg = Release|x86
		{906379A9-F3B0-4E5B-B1D1-62DC7C9D05A5}.Release|x86.Build.0 = Release|x86
		{F3B2ED56-A5BF-45DA-A270-3ED0F775320B}.Debug|Any CPU.ActiveCfg = Debug|Any CPU
		{F3B2ED56-A5BF-45DA-A270-3ED0F775320B}.Debug|Any CPU.Build.0 = Debug|Any CPU
		{F3B2ED56-A5BF-45DA-A270-3ED0F775320B}.Debug|x64.ActiveCfg = Debug|Any CPU
		{F3B2ED56-A5BF-45DA-A270-3ED0F775320B}.Debug|x64.Build.0 = Debug|Any CPU
		{F3B2ED56-A5BF-45DA-A270-3ED0F775320B}.Debug|x86.ActiveCfg = Debug|x86
		{F3B2ED56-A5BF-45DA-A270-3ED0F775320B}.Debug|x86.Build.0 = Debug|x86
		{F3B2ED56-A5BF-45DA-A270-3ED0F775320B}.Release|Any CPU.ActiveCfg = Release|Any CPU
		{F3B2ED56-A5BF-45DA-A270-3ED0F775320B}.Release|Any CPU.Build.0 = Release|Any CPU
		{F3B2ED56-A5BF-45DA-A270-3ED0F775320B}.Release|x64.ActiveCfg = Release|Any CPU
		{F3B2ED56-A5BF-45DA-A270-3ED0F775320B}.Release|x64.Build.0 = Release|Any CPU
		{F3B2ED56-A5BF-45DA-A270-3ED0F775320B}.Release|x86.ActiveCfg = Release|x86
		{F3B2ED56-A5BF-45DA-A270-3ED0F775320B}.Release|x86.Build.0 = Release|x86
		{24781AF8-6DA6-48B2-A0B5-6E1D44A918F0}.Debug|Any CPU.ActiveCfg = Debug|Any CPU
		{24781AF8-6DA6-48B2-A0B5-6E1D44A918F0}.Debug|Any CPU.Build.0 = Debug|Any CPU
		{24781AF8-6DA6-48B2-A0B5-6E1D44A918F0}.Debug|x64.ActiveCfg = Debug|Any CPU
		{24781AF8-6DA6-48B2-A0B5-6E1D44A918F0}.Debug|x64.Build.0 = Debug|Any CPU
		{24781AF8-6DA6-48B2-A0B5-6E1D44A918F0}.Debug|x86.ActiveCfg = Debug|x86
		{24781AF8-6DA6-48B2-A0B5-6E1D44A918F0}.Debug|x86.Build.0 = Debug|x86
		{24781AF8-6DA6-48B2-A0B5-6E1D44A918F0}.Release|Any CPU.ActiveCfg = Release|Any CPU
		{24781AF8-6DA6-48B2-A0B5-6E1D44A918F0}.Release|Any CPU.Build.0 = Release|Any CPU
		{24781AF8-6DA6-48B2-A0B5-6E1D44A918F0}.Release|x64.ActiveCfg = Release|Any CPU
		{24781AF8-6DA6-48B2-A0B5-6E1D44A918F0}.Release|x64.Build.0 = Release|Any CPU
		{24781AF8-6DA6-48B2-A0B5-6E1D44A918F0}.Release|x86.ActiveCfg = Release|x86
		{24781AF8-6DA6-48B2-A0B5-6E1D44A918F0}.Release|x86.Build.0 = Release|x86
		{4C238465-65B2-4511-9F9A-1CED9A4132ED}.Debug|Any CPU.ActiveCfg = Debug|Any CPU
		{4C238465-65B2-4511-9F9A-1CED9A4132ED}.Debug|Any CPU.Build.0 = Debug|Any CPU
		{4C238465-65B2-4511-9F9A-1CED9A4132ED}.Debug|x64.ActiveCfg = Debug|Any CPU
		{4C238465-65B2-4511-9F9A-1CED9A4132ED}.Debug|x64.Build.0 = Debug|Any CPU
		{4C238465-65B2-4511-9F9A-1CED9A4132ED}.Debug|x86.ActiveCfg = Debug|x86
		{4C238465-65B2-4511-9F9A-1CED9A4132ED}.Debug|x86.Build.0 = Debug|x86
		{4C238465-65B2-4511-9F9A-1CED9A4132ED}.Release|Any CPU.ActiveCfg = Release|Any CPU
		{4C238465-65B2-4511-9F9A-1CED9A4132ED}.Release|Any CPU.Build.0 = Release|Any CPU
		{4C238465-65B2-4511-9F9A-1CED9A4132ED}.Release|x64.ActiveCfg = Release|Any CPU
		{4C238465-65B2-4511-9F9A-1CED9A4132ED}.Release|x64.Build.0 = Release|Any CPU
		{4C238465-65B2-4511-9F9A-1CED9A4132ED}.Release|x86.ActiveCfg = Release|x86
		{4C238465-65B2-4511-9F9A-1CED9A4132ED}.Release|x86.Build.0 = Release|x86
		{3724F839-BCC8-4EFF-A177-AC8247660F94}.Debug|Any CPU.ActiveCfg = Debug|Any CPU
		{3724F839-BCC8-4EFF-A177-AC8247660F94}.Debug|Any CPU.Build.0 = Debug|Any CPU
		{3724F839-BCC8-4EFF-A177-AC8247660F94}.Debug|x64.ActiveCfg = Debug|Any CPU
		{3724F839-BCC8-4EFF-A177-AC8247660F94}.Debug|x86.ActiveCfg = Debug|Any CPU
		{3724F839-BCC8-4EFF-A177-AC8247660F94}.Debug|x86.Build.0 = Debug|Any CPU
		{3724F839-BCC8-4EFF-A177-AC8247660F94}.Release|Any CPU.ActiveCfg = Release|Any CPU
		{3724F839-BCC8-4EFF-A177-AC8247660F94}.Release|Any CPU.Build.0 = Release|Any CPU
		{3724F839-BCC8-4EFF-A177-AC8247660F94}.Release|x64.ActiveCfg = Release|Any CPU
		{3724F839-BCC8-4EFF-A177-AC8247660F94}.Release|x86.ActiveCfg = Release|Any CPU
		{3724F839-BCC8-4EFF-A177-AC8247660F94}.Release|x86.Build.0 = Release|Any CPU
		{1AFE8BFA-E51F-49D4-9D37-A6B287B39B01}.Debug|Any CPU.ActiveCfg = Debug|Any CPU
		{1AFE8BFA-E51F-49D4-9D37-A6B287B39B01}.Debug|Any CPU.Build.0 = Debug|Any CPU
		{1AFE8BFA-E51F-49D4-9D37-A6B287B39B01}.Debug|x64.ActiveCfg = Debug|Any CPU
		{1AFE8BFA-E51F-49D4-9D37-A6B287B39B01}.Debug|x64.Build.0 = Debug|Any CPU
		{1AFE8BFA-E51F-49D4-9D37-A6B287B39B01}.Debug|x86.ActiveCfg = Debug|Any CPU
		{1AFE8BFA-E51F-49D4-9D37-A6B287B39B01}.Debug|x86.Build.0 = Debug|Any CPU
		{1AFE8BFA-E51F-49D4-9D37-A6B287B39B01}.Release|Any CPU.ActiveCfg = Release|Any CPU
		{1AFE8BFA-E51F-49D4-9D37-A6B287B39B01}.Release|Any CPU.Build.0 = Release|Any CPU
		{1AFE8BFA-E51F-49D4-9D37-A6B287B39B01}.Release|x64.ActiveCfg = Release|Any CPU
		{1AFE8BFA-E51F-49D4-9D37-A6B287B39B01}.Release|x64.Build.0 = Release|Any CPU
		{1AFE8BFA-E51F-49D4-9D37-A6B287B39B01}.Release|x86.ActiveCfg = Release|Any CPU
		{1AFE8BFA-E51F-49D4-9D37-A6B287B39B01}.Release|x86.Build.0 = Release|Any CPU
	EndGlobalSection
	GlobalSection(SolutionProperties) = preSolution
		HideSolutionNode = FALSE
	EndGlobalSection
EndGlobal
